// !$*UTF8*$!
{
	archiveVersion = 1;
	classes = {
	};
	objectVersion = 46;
	objects = {

/* Begin PBXBuildFile section */
		2E0345380F505DC62FD7924E /* Pods_ObjcApiIntroUITests.framework in Frameworks */ = {isa = PBXBuildFile; fileRef = 7E3E7C0DC21EF4FDD991E1B0 /* Pods_ObjcApiIntroUITests.framework */; };
		740D87DB1FA393CA009FA424 /* FunctionPointerTests.m in Sources */ = {isa = PBXBuildFile; fileRef = 740D87DA1FA393CA009FA424 /* FunctionPointerTests.m */; };
		741A0EE02303A0A000D8098D /* CharSetTests.m in Sources */ = {isa = PBXBuildFile; fileRef = 741A0EDF2303A0A000D8098D /* CharSetTests.m */; };
		741A0EE22303A88E00D8098D /* URLComponentsTests.m in Sources */ = {isa = PBXBuildFile; fileRef = 741A0EE12303A88E00D8098D /* URLComponentsTests.m */; };
		741DFE02204E33AE005BF970 /* SqliteTests.m in Sources */ = {isa = PBXBuildFile; fileRef = 741DFE01204E33AE005BF970 /* SqliteTests.m */; };
		741EC77A2322714F009B7E9D /* NSFileManagerTests.m in Sources */ = {isa = PBXBuildFile; fileRef = 741EC7792322714F009B7E9D /* NSFileManagerTests.m */; };
		741EC77D2329FDAA009B7E9D /* WKWebView2Controller.m in Sources */ = {isa = PBXBuildFile; fileRef = 741EC77C2329FDAA009B7E9D /* WKWebView2Controller.m */; };
		741EC77F232A0118009B7E9D /* video.html in Resources */ = {isa = PBXBuildFile; fileRef = 741EC77E232A0118009B7E9D /* video.html */; };
		7427C8CC2313E75200C0F834 /* wkwebview-sample.html in Resources */ = {isa = PBXBuildFile; fileRef = 7427C8CB2313E75200C0F834 /* wkwebview-sample.html */; };
		743892611F579CA300EBBEC6 /* DynamicTypingTest.m in Sources */ = {isa = PBXBuildFile; fileRef = 743892601F579CA300EBBEC6 /* DynamicTypingTest.m */; };
		7438926D1F59BC3B00EBBEC6 /* KeyValueCodingTests.m in Sources */ = {isa = PBXBuildFile; fileRef = 7438926C1F59BC3B00EBBEC6 /* KeyValueCodingTests.m */; };
		7438926F1F5CFDE000EBBEC6 /* MemoryManagementTests.m in Sources */ = {isa = PBXBuildFile; fileRef = 7438926E1F5CFDE000EBBEC6 /* MemoryManagementTests.m */; };
		743892731F5D472800EBBEC6 /* SortTests.m in Sources */ = {isa = PBXBuildFile; fileRef = 743892721F5D472800EBBEC6 /* SortTests.m */; };
		743CB9C81F1F93080035EE71 /* AVFoundation.framework in Frameworks */ = {isa = PBXBuildFile; fileRef = 743CB9C71F1F93080035EE71 /* AVFoundation.framework */; };
		743CB9CC1F2190310035EE71 /* PropertiesDumpTests.m in Sources */ = {isa = PBXBuildFile; fileRef = 743CB9CB1F2190310035EE71 /* PropertiesDumpTests.m */; };
		744415BC1F26CFF300DE53A5 /* RequestOpTests.m in Sources */ = {isa = PBXBuildFile; fileRef = 744415BB1F26CFF300DE53A5 /* RequestOpTests.m */; };
		744C02331F71594A003AD004 /* CopyTests.m in Sources */ = {isa = PBXBuildFile; fileRef = 744C02321F71594A003AD004 /* CopyTests.m */; };
		744DA1DD22CCB5D1002FADFF /* ConditionalTests.m in Sources */ = {isa = PBXBuildFile; fileRef = 744DA1DC22CCB5D1002FADFF /* ConditionalTests.m */; };
		74523A0A1F1E153C0072A571 /* UIApiViewController.m in Sources */ = {isa = PBXBuildFile; fileRef = 74523A091F1E153C0072A571 /* UIApiViewController.m */; };
		74523A0D1F1E52140072A571 /* LayoutSampleView.m in Sources */ = {isa = PBXBuildFile; fileRef = 74523A0C1F1E52140072A571 /* LayoutSampleView.m */; };
		745A3C931F627A5A00FB1F03 /* BlockTests.m in Sources */ = {isa = PBXBuildFile; fileRef = 745A3C921F627A5A00FB1F03 /* BlockTests.m */; };
		7474BA6E1F2AF0160046EEF4 /* EnumTests.m in Sources */ = {isa = PBXBuildFile; fileRef = 7474BA6D1F2AF0160046EEF4 /* EnumTests.m */; };
		7474BA701F2B0C3F0046EEF4 /* RuntimeTests.m in Sources */ = {isa = PBXBuildFile; fileRef = 7474BA6F1F2B0C3F0046EEF4 /* RuntimeTests.m */; };
		747A0EC81FB93A1000A1B78A /* OCMockTests.m in Sources */ = {isa = PBXBuildFile; fileRef = 747A0EC71FB93A1000A1B78A /* OCMockTests.m */; };
		74A44E3C1F2ADEB600177694 /* TypedefTests.m in Sources */ = {isa = PBXBuildFile; fileRef = 74A44E3B1F2ADEB600177694 /* TypedefTests.m */; };
		74B8CA86229E8DA6008856FB /* PointViewController.m in Sources */ = {isa = PBXBuildFile; fileRef = 74B8CA85229E8DA6008856FB /* PointViewController.m */; };
		74BB4E832238F51C004BD98E /* WKWebViewController.m in Sources */ = {isa = PBXBuildFile; fileRef = 74BB4E822238F51C004BD98E /* WKWebViewController.m */; };
		76DC6F9E1ECD4F040013ACA4 /* main.m in Sources */ = {isa = PBXBuildFile; fileRef = 76DC6F9D1ECD4F040013ACA4 /* main.m */; };
		76DC6FA11ECD4F040013ACA4 /* AppDelegate.m in Sources */ = {isa = PBXBuildFile; fileRef = 76DC6FA01ECD4F040013ACA4 /* AppDelegate.m */; };
		76DC6FA41ECD4F040013ACA4 /* ViewController.m in Sources */ = {isa = PBXBuildFile; fileRef = 76DC6FA31ECD4F040013ACA4 /* ViewController.m */; };
		76DC6FA71ECD4F040013ACA4 /* Main.storyboard in Resources */ = {isa = PBXBuildFile; fileRef = 76DC6FA51ECD4F040013ACA4 /* Main.storyboard */; };
		76DC6FA91ECD4F040013ACA4 /* Assets.xcassets in Resources */ = {isa = PBXBuildFile; fileRef = 76DC6FA81ECD4F040013ACA4 /* Assets.xcassets */; };
		76DC6FAC1ECD4F040013ACA4 /* LaunchScreen.storyboard in Resources */ = {isa = PBXBuildFile; fileRef = 76DC6FAA1ECD4F040013ACA4 /* LaunchScreen.storyboard */; };
		76DC6FC21ECD4F050013ACA4 /* ObjcApiIntroUITests.m in Sources */ = {isa = PBXBuildFile; fileRef = 76DC6FC11ECD4F050013ACA4 /* ObjcApiIntroUITests.m */; };
		76DC6FD31ECD7EB70013ACA4 /* Hoge.swift in Sources */ = {isa = PBXBuildFile; fileRef = 76DC6FD21ECD7EB70013ACA4 /* Hoge.swift */; };
		76DC6FD71ECD8CD00013ACA4 /* HogeClient.m in Sources */ = {isa = PBXBuildFile; fileRef = 76DC6FD61ECD8CD00013ACA4 /* HogeClient.m */; };
		76DC6FDA1ECD8EA60013ACA4 /* HogeClientTests.m in Sources */ = {isa = PBXBuildFile; fileRef = 76DC6FD91ECD8EA60013ACA4 /* HogeClientTests.m */; };
		97367BC26B3D832A14998C9D /* Pods_ObjcApiIntro.framework in Frameworks */ = {isa = PBXBuildFile; fileRef = F3A73413ED55A66B2FCE84BE /* Pods_ObjcApiIntro.framework */; };
		E30AA8DFCC03581DD8B42989 /* Pods_ObjcApiIntroTests.framework in Frameworks */ = {isa = PBXBuildFile; fileRef = 8605D5647C9FA8E3ADD56F2C /* Pods_ObjcApiIntroTests.framework */; };
/* End PBXBuildFile section */

/* Begin PBXContainerItemProxy section */
		76DC6FB31ECD4F050013ACA4 /* PBXContainerItemProxy */ = {
			isa = PBXContainerItemProxy;
			containerPortal = 76DC6F911ECD4F040013ACA4 /* Project object */;
			proxyType = 1;
			remoteGlobalIDString = 76DC6F981ECD4F040013ACA4;
			remoteInfo = ObjcApiIntro;
		};
		76DC6FBE1ECD4F050013ACA4 /* PBXContainerItemProxy */ = {
			isa = PBXContainerItemProxy;
			containerPortal = 76DC6F911ECD4F040013ACA4 /* Project object */;
			proxyType = 1;
			remoteGlobalIDString = 76DC6F981ECD4F040013ACA4;
			remoteInfo = ObjcApiIntro;
		};
/* End PBXContainerItemProxy section */

/* Begin PBXFileReference section */
		3FCAB5C2CE47921D718308CF /* Pods-ObjcApiIntro.debug.xcconfig */ = {isa = PBXFileReference; includeInIndex = 1; lastKnownFileType = text.xcconfig; name = "Pods-ObjcApiIntro.debug.xcconfig"; path = "Pods/Target Support Files/Pods-ObjcApiIntro/Pods-ObjcApiIntro.debug.xcconfig"; sourceTree = "<group>"; };
		740D87DA1FA393CA009FA424 /* FunctionPointerTests.m */ = {isa = PBXFileReference; lastKnownFileType = sourcecode.c.objc; path = FunctionPointerTests.m; sourceTree = "<group>"; };
		741A0EDF2303A0A000D8098D /* CharSetTests.m */ = {isa = PBXFileReference; lastKnownFileType = sourcecode.c.objc; path = CharSetTests.m; sourceTree = "<group>"; };
		741A0EE12303A88E00D8098D /* URLComponentsTests.m */ = {isa = PBXFileReference; lastKnownFileType = sourcecode.c.objc; path = URLComponentsTests.m; sourceTree = "<group>"; };
		741DFE01204E33AE005BF970 /* SqliteTests.m */ = {isa = PBXFileReference; lastKnownFileType = sourcecode.c.objc; path = SqliteTests.m; sourceTree = "<group>"; };
		741EC7792322714F009B7E9D /* NSFileManagerTests.m */ = {isa = PBXFileReference; lastKnownFileType = sourcecode.c.objc; path = NSFileManagerTests.m; sourceTree = "<group>"; };
		741EC77B2329FDAA009B7E9D /* WKWebView2Controller.h */ = {isa = PBXFileReference; lastKnownFileType = sourcecode.c.h; path = WKWebView2Controller.h; sourceTree = "<group>"; };
		741EC77C2329FDAA009B7E9D /* WKWebView2Controller.m */ = {isa = PBXFileReference; lastKnownFileType = sourcecode.c.objc; path = WKWebView2Controller.m; sourceTree = "<group>"; };
		741EC77E232A0118009B7E9D /* video.html */ = {isa = PBXFileReference; lastKnownFileType = text.html; path = video.html; sourceTree = "<group>"; };
		7427C8CB2313E75200C0F834 /* wkwebview-sample.html */ = {isa = PBXFileReference; lastKnownFileType = text.html; path = "wkwebview-sample.html"; sourceTree = "<group>"; };
		743892601F579CA300EBBEC6 /* DynamicTypingTest.m */ = {isa = PBXFileReference; fileEncoding = 4; lastKnownFileType = sourcecode.c.objc; path = DynamicTypingTest.m; sourceTree = "<group>"; };
		7438926C1F59BC3B00EBBEC6 /* KeyValueCodingTests.m */ = {isa = PBXFileReference; fileEncoding = 4; lastKnownFileType = sourcecode.c.objc; path = KeyValueCodingTests.m; sourceTree = "<group>"; };
		7438926E1F5CFDE000EBBEC6 /* MemoryManagementTests.m */ = {isa = PBXFileReference; fileEncoding = 4; lastKnownFileType = sourcecode.c.objc; path = MemoryManagementTests.m; sourceTree = "<group>"; };
		743892721F5D472800EBBEC6 /* SortTests.m */ = {isa = PBXFileReference; fileEncoding = 4; lastKnownFileType = sourcecode.c.objc; path = SortTests.m; sourceTree = "<group>"; };
		743CB9C71F1F93080035EE71 /* AVFoundation.framework */ = {isa = PBXFileReference; lastKnownFileType = wrapper.framework; name = AVFoundation.framework; path = System/Library/Frameworks/AVFoundation.framework; sourceTree = SDKROOT; };
		743CB9CB1F2190310035EE71 /* PropertiesDumpTests.m */ = {isa = PBXFileReference; fileEncoding = 4; lastKnownFileType = sourcecode.c.objc; path = PropertiesDumpTests.m; sourceTree = "<group>"; };
		744415BB1F26CFF300DE53A5 /* RequestOpTests.m */ = {isa = PBXFileReference; fileEncoding = 4; lastKnownFileType = sourcecode.c.objc; path = RequestOpTests.m; sourceTree = "<group>"; };
		744C02321F71594A003AD004 /* CopyTests.m */ = {isa = PBXFileReference; fileEncoding = 4; lastKnownFileType = sourcecode.c.objc; path = CopyTests.m; sourceTree = "<group>"; };
		744DA1DC22CCB5D1002FADFF /* ConditionalTests.m */ = {isa = PBXFileReference; lastKnownFileType = sourcecode.c.objc; path = ConditionalTests.m; sourceTree = "<group>"; };
		74523A081F1E153C0072A571 /* UIApiViewController.h */ = {isa = PBXFileReference; fileEncoding = 4; lastKnownFileType = sourcecode.c.h; path = UIApiViewController.h; sourceTree = "<group>"; };
		74523A091F1E153C0072A571 /* UIApiViewController.m */ = {isa = PBXFileReference; fileEncoding = 4; lastKnownFileType = sourcecode.c.objc; path = UIApiViewController.m; sourceTree = "<group>"; };
		74523A0B1F1E52140072A571 /* LayoutSampleView.h */ = {isa = PBXFileReference; fileEncoding = 4; lastKnownFileType = sourcecode.c.h; path = LayoutSampleView.h; sourceTree = "<group>"; };
		74523A0C1F1E52140072A571 /* LayoutSampleView.m */ = {isa = PBXFileReference; fileEncoding = 4; lastKnownFileType = sourcecode.c.objc; path = LayoutSampleView.m; sourceTree = "<group>"; };
		745A3C921F627A5A00FB1F03 /* BlockTests.m */ = {isa = PBXFileReference; fileEncoding = 4; lastKnownFileType = sourcecode.c.objc; path = BlockTests.m; sourceTree = "<group>"; };
		7474BA6D1F2AF0160046EEF4 /* EnumTests.m */ = {isa = PBXFileReference; fileEncoding = 4; lastKnownFileType = sourcecode.c.objc; path = EnumTests.m; sourceTree = "<group>"; };
		7474BA6F1F2B0C3F0046EEF4 /* RuntimeTests.m */ = {isa = PBXFileReference; fileEncoding = 4; lastKnownFileType = sourcecode.c.objc; path = RuntimeTests.m; sourceTree = "<group>"; };
		747A0EC71FB93A1000A1B78A /* OCMockTests.m */ = {isa = PBXFileReference; lastKnownFileType = sourcecode.c.objc; path = OCMockTests.m; sourceTree = "<group>"; };
		74A44E3B1F2ADEB600177694 /* TypedefTests.m */ = {isa = PBXFileReference; fileEncoding = 4; lastKnownFileType = sourcecode.c.objc; path = TypedefTests.m; sourceTree = "<group>"; };
		74B8CA84229E8DA6008856FB /* PointViewController.h */ = {isa = PBXFileReference; lastKnownFileType = sourcecode.c.h; path = PointViewController.h; sourceTree = "<group>"; };
		74B8CA85229E8DA6008856FB /* PointViewController.m */ = {isa = PBXFileReference; lastKnownFileType = sourcecode.c.objc; path = PointViewController.m; sourceTree = "<group>"; };
		74BB4E812238F51C004BD98E /* WKWebViewController.h */ = {isa = PBXFileReference; lastKnownFileType = sourcecode.c.h; path = WKWebViewController.h; sourceTree = "<group>"; };
		74BB4E822238F51C004BD98E /* WKWebViewController.m */ = {isa = PBXFileReference; lastKnownFileType = sourcecode.c.objc; path = WKWebViewController.m; sourceTree = "<group>"; };
		76DC6F991ECD4F040013ACA4 /* ObjcApiIntro.app */ = {isa = PBXFileReference; explicitFileType = wrapper.application; includeInIndex = 0; path = ObjcApiIntro.app; sourceTree = BUILT_PRODUCTS_DIR; };
		76DC6F9D1ECD4F040013ACA4 /* main.m */ = {isa = PBXFileReference; lastKnownFileType = sourcecode.c.objc; path = main.m; sourceTree = "<group>"; };
		76DC6F9F1ECD4F040013ACA4 /* AppDelegate.h */ = {isa = PBXFileReference; lastKnownFileType = sourcecode.c.h; path = AppDelegate.h; sourceTree = "<group>"; };
		76DC6FA01ECD4F040013ACA4 /* AppDelegate.m */ = {isa = PBXFileReference; lastKnownFileType = sourcecode.c.objc; path = AppDelegate.m; sourceTree = "<group>"; };
		76DC6FA21ECD4F040013ACA4 /* ViewController.h */ = {isa = PBXFileReference; lastKnownFileType = sourcecode.c.h; path = ViewController.h; sourceTree = "<group>"; };
		76DC6FA31ECD4F040013ACA4 /* ViewController.m */ = {isa = PBXFileReference; lastKnownFileType = sourcecode.c.objc; path = ViewController.m; sourceTree = "<group>"; };
		76DC6FA61ECD4F040013ACA4 /* Base */ = {isa = PBXFileReference; lastKnownFileType = file.storyboard; name = Base; path = Base.lproj/Main.storyboard; sourceTree = "<group>"; };
		76DC6FA81ECD4F040013ACA4 /* Assets.xcassets */ = {isa = PBXFileReference; lastKnownFileType = folder.assetcatalog; path = Assets.xcassets; sourceTree = "<group>"; };
		76DC6FAB1ECD4F040013ACA4 /* Base */ = {isa = PBXFileReference; lastKnownFileType = file.storyboard; name = Base; path = Base.lproj/LaunchScreen.storyboard; sourceTree = "<group>"; };
		76DC6FAD1ECD4F040013ACA4 /* Info.plist */ = {isa = PBXFileReference; lastKnownFileType = text.plist.xml; path = Info.plist; sourceTree = "<group>"; };
		76DC6FB21ECD4F050013ACA4 /* ObjcApiIntroTests.xctest */ = {isa = PBXFileReference; explicitFileType = wrapper.cfbundle; includeInIndex = 0; path = ObjcApiIntroTests.xctest; sourceTree = BUILT_PRODUCTS_DIR; };
		76DC6FB81ECD4F050013ACA4 /* Info.plist */ = {isa = PBXFileReference; lastKnownFileType = text.plist.xml; path = Info.plist; sourceTree = "<group>"; };
		76DC6FBD1ECD4F050013ACA4 /* ObjcApiIntroUITests.xctest */ = {isa = PBXFileReference; explicitFileType = wrapper.cfbundle; includeInIndex = 0; path = ObjcApiIntroUITests.xctest; sourceTree = BUILT_PRODUCTS_DIR; };
		76DC6FC11ECD4F050013ACA4 /* ObjcApiIntroUITests.m */ = {isa = PBXFileReference; lastKnownFileType = sourcecode.c.objc; path = ObjcApiIntroUITests.m; sourceTree = "<group>"; };
		76DC6FC31ECD4F050013ACA4 /* Info.plist */ = {isa = PBXFileReference; lastKnownFileType = text.plist.xml; path = Info.plist; sourceTree = "<group>"; };
		76DC6FD21ECD7EB70013ACA4 /* Hoge.swift */ = {isa = PBXFileReference; fileEncoding = 4; lastKnownFileType = sourcecode.swift; path = Hoge.swift; sourceTree = "<group>"; };
		76DC6FD61ECD8CD00013ACA4 /* HogeClient.m */ = {isa = PBXFileReference; fileEncoding = 4; lastKnownFileType = sourcecode.c.objc; path = HogeClient.m; sourceTree = "<group>"; };
		76DC6FD81ECD8CE10013ACA4 /* HogeClient.h */ = {isa = PBXFileReference; lastKnownFileType = sourcecode.c.h; path = HogeClient.h; sourceTree = "<group>"; };
		76DC6FD91ECD8EA60013ACA4 /* HogeClientTests.m */ = {isa = PBXFileReference; fileEncoding = 4; lastKnownFileType = sourcecode.c.objc; path = HogeClientTests.m; sourceTree = "<group>"; };
		7E3E7C0DC21EF4FDD991E1B0 /* Pods_ObjcApiIntroUITests.framework */ = {isa = PBXFileReference; explicitFileType = wrapper.framework; includeInIndex = 0; path = Pods_ObjcApiIntroUITests.framework; sourceTree = BUILT_PRODUCTS_DIR; };
		8605D5647C9FA8E3ADD56F2C /* Pods_ObjcApiIntroTests.framework */ = {isa = PBXFileReference; explicitFileType = wrapper.framework; includeInIndex = 0; path = Pods_ObjcApiIntroTests.framework; sourceTree = BUILT_PRODUCTS_DIR; };
		9DD981F57E5CD38870248723 /* Pods-ObjcApiIntro.release.xcconfig */ = {isa = PBXFileReference; includeInIndex = 1; lastKnownFileType = text.xcconfig; name = "Pods-ObjcApiIntro.release.xcconfig"; path = "Pods/Target Support Files/Pods-ObjcApiIntro/Pods-ObjcApiIntro.release.xcconfig"; sourceTree = "<group>"; };
		B9D132EE91C70449E927266A /* Pods-ObjcApiIntroUITests.debug.xcconfig */ = {isa = PBXFileReference; includeInIndex = 1; lastKnownFileType = text.xcconfig; name = "Pods-ObjcApiIntroUITests.debug.xcconfig"; path = "Pods/Target Support Files/Pods-ObjcApiIntroUITests/Pods-ObjcApiIntroUITests.debug.xcconfig"; sourceTree = "<group>"; };
		BAB14171E6891464E9DCA7A1 /* Pods-ObjcApiIntroUITests.release.xcconfig */ = {isa = PBXFileReference; includeInIndex = 1; lastKnownFileType = text.xcconfig; name = "Pods-ObjcApiIntroUITests.release.xcconfig"; path = "Pods/Target Support Files/Pods-ObjcApiIntroUITests/Pods-ObjcApiIntroUITests.release.xcconfig"; sourceTree = "<group>"; };
		C189E778CBA24C0D6D22BE76 /* Pods-ObjcApiIntroTests.release.xcconfig */ = {isa = PBXFileReference; includeInIndex = 1; lastKnownFileType = text.xcconfig; name = "Pods-ObjcApiIntroTests.release.xcconfig"; path = "Pods/Target Support Files/Pods-ObjcApiIntroTests/Pods-ObjcApiIntroTests.release.xcconfig"; sourceTree = "<group>"; };
		D3DF661B80CF8428C8CC9CF2 /* Pods-ObjcApiIntroTests.debug.xcconfig */ = {isa = PBXFileReference; includeInIndex = 1; lastKnownFileType = text.xcconfig; name = "Pods-ObjcApiIntroTests.debug.xcconfig"; path = "Pods/Target Support Files/Pods-ObjcApiIntroTests/Pods-ObjcApiIntroTests.debug.xcconfig"; sourceTree = "<group>"; };
		F3A73413ED55A66B2FCE84BE /* Pods_ObjcApiIntro.framework */ = {isa = PBXFileReference; explicitFileType = wrapper.framework; includeInIndex = 0; path = Pods_ObjcApiIntro.framework; sourceTree = BUILT_PRODUCTS_DIR; };
/* End PBXFileReference section */

/* Begin PBXFrameworksBuildPhase section */
		76DC6F961ECD4F040013ACA4 /* Frameworks */ = {
			isa = PBXFrameworksBuildPhase;
			buildActionMask = 2147483647;
			files = (
				743CB9C81F1F93080035EE71 /* AVFoundation.framework in Frameworks */,
				97367BC26B3D832A14998C9D /* Pods_ObjcApiIntro.framework in Frameworks */,
			);
			runOnlyForDeploymentPostprocessing = 0;
		};
		76DC6FAF1ECD4F050013ACA4 /* Frameworks */ = {
			isa = PBXFrameworksBuildPhase;
			buildActionMask = 2147483647;
			files = (
				E30AA8DFCC03581DD8B42989 /* Pods_ObjcApiIntroTests.framework in Frameworks */,
			);
			runOnlyForDeploymentPostprocessing = 0;
		};
		76DC6FBA1ECD4F050013ACA4 /* Frameworks */ = {
			isa = PBXFrameworksBuildPhase;
			buildActionMask = 2147483647;
			files = (
				2E0345380F505DC62FD7924E /* Pods_ObjcApiIntroUITests.framework in Frameworks */,
			);
			runOnlyForDeploymentPostprocessing = 0;
		};
/* End PBXFrameworksBuildPhase section */

/* Begin PBXGroup section */
		4D219114F8FE72200536E93F /* Pods */ = {
			isa = PBXGroup;
			children = (
				3FCAB5C2CE47921D718308CF /* Pods-ObjcApiIntro.debug.xcconfig */,
				9DD981F57E5CD38870248723 /* Pods-ObjcApiIntro.release.xcconfig */,
				D3DF661B80CF8428C8CC9CF2 /* Pods-ObjcApiIntroTests.debug.xcconfig */,
				C189E778CBA24C0D6D22BE76 /* Pods-ObjcApiIntroTests.release.xcconfig */,
				B9D132EE91C70449E927266A /* Pods-ObjcApiIntroUITests.debug.xcconfig */,
				BAB14171E6891464E9DCA7A1 /* Pods-ObjcApiIntroUITests.release.xcconfig */,
			);
			name = Pods;
			sourceTree = "<group>";
		};
		743CB9C61F1F93080035EE71 /* Frameworks */ = {
			isa = PBXGroup;
			children = (
				743CB9C71F1F93080035EE71 /* AVFoundation.framework */,
				F3A73413ED55A66B2FCE84BE /* Pods_ObjcApiIntro.framework */,
				8605D5647C9FA8E3ADD56F2C /* Pods_ObjcApiIntroTests.framework */,
				7E3E7C0DC21EF4FDD991E1B0 /* Pods_ObjcApiIntroUITests.framework */,
			);
			name = Frameworks;
			sourceTree = "<group>";
		};
		76DC6F901ECD4F040013ACA4 = {
			isa = PBXGroup;
			children = (
				76DC6F9B1ECD4F040013ACA4 /* ObjcApiIntro */,
				76DC6FB51ECD4F050013ACA4 /* ObjcApiIntroTests */,
				76DC6FC01ECD4F050013ACA4 /* ObjcApiIntroUITests */,
				76DC6F9A1ECD4F040013ACA4 /* Products */,
				743CB9C61F1F93080035EE71 /* Frameworks */,
				4D219114F8FE72200536E93F /* Pods */,
			);
			sourceTree = "<group>";
		};
		76DC6F9A1ECD4F040013ACA4 /* Products */ = {
			isa = PBXGroup;
			children = (
				76DC6F991ECD4F040013ACA4 /* ObjcApiIntro.app */,
				76DC6FB21ECD4F050013ACA4 /* ObjcApiIntroTests.xctest */,
				76DC6FBD1ECD4F050013ACA4 /* ObjcApiIntroUITests.xctest */,
			);
			name = Products;
			sourceTree = "<group>";
		};
		76DC6F9B1ECD4F040013ACA4 /* ObjcApiIntro */ = {
			isa = PBXGroup;
			children = (
				76DC6F9F1ECD4F040013ACA4 /* AppDelegate.h */,
				76DC6FA01ECD4F040013ACA4 /* AppDelegate.m */,
				76DC6FA21ECD4F040013ACA4 /* ViewController.h */,
				76DC6FA31ECD4F040013ACA4 /* ViewController.m */,
				74523A081F1E153C0072A571 /* UIApiViewController.h */,
				74523A091F1E153C0072A571 /* UIApiViewController.m */,
				76DC6FD81ECD8CE10013ACA4 /* HogeClient.h */,
				76DC6FD61ECD8CD00013ACA4 /* HogeClient.m */,
				76DC6FD21ECD7EB70013ACA4 /* Hoge.swift */,
				74523A0B1F1E52140072A571 /* LayoutSampleView.h */,
				74523A0C1F1E52140072A571 /* LayoutSampleView.m */,
				74BB4E812238F51C004BD98E /* WKWebViewController.h */,
				74BB4E822238F51C004BD98E /* WKWebViewController.m */,
				741EC77B2329FDAA009B7E9D /* WKWebView2Controller.h */,
				741EC77C2329FDAA009B7E9D /* WKWebView2Controller.m */,
				74B8CA84229E8DA6008856FB /* PointViewController.h */,
				74B8CA85229E8DA6008856FB /* PointViewController.m */,
				76DC6FA51ECD4F040013ACA4 /* Main.storyboard */,
				76DC6FA81ECD4F040013ACA4 /* Assets.xcassets */,
				76DC6FAA1ECD4F040013ACA4 /* LaunchScreen.storyboard */,
				76DC6FAD1ECD4F040013ACA4 /* Info.plist */,
				76DC6F9C1ECD4F040013ACA4 /* Supporting Files */,
				7427C8CB2313E75200C0F834 /* wkwebview-sample.html */,
				741EC77E232A0118009B7E9D /* video.html */,
			);
			path = ObjcApiIntro;
			sourceTree = "<group>";
		};
		76DC6F9C1ECD4F040013ACA4 /* Supporting Files */ = {
			isa = PBXGroup;
			children = (
				76DC6F9D1ECD4F040013ACA4 /* main.m */,
			);
			name = "Supporting Files";
			sourceTree = "<group>";
		};
		76DC6FB51ECD4F050013ACA4 /* ObjcApiIntroTests */ = {
			isa = PBXGroup;
			children = (
				76DC6FB81ECD4F050013ACA4 /* Info.plist */,
				76DC6FD91ECD8EA60013ACA4 /* HogeClientTests.m */,
				743CB9CB1F2190310035EE71 /* PropertiesDumpTests.m */,
				744415BB1F26CFF300DE53A5 /* RequestOpTests.m */,
				74A44E3B1F2ADEB600177694 /* TypedefTests.m */,
				7474BA6D1F2AF0160046EEF4 /* EnumTests.m */,
				7474BA6F1F2B0C3F0046EEF4 /* RuntimeTests.m */,
				743892601F579CA300EBBEC6 /* DynamicTypingTest.m */,
				7438926C1F59BC3B00EBBEC6 /* KeyValueCodingTests.m */,
				7438926E1F5CFDE000EBBEC6 /* MemoryManagementTests.m */,
				743892721F5D472800EBBEC6 /* SortTests.m */,
				745A3C921F627A5A00FB1F03 /* BlockTests.m */,
				744C02321F71594A003AD004 /* CopyTests.m */,
				740D87DA1FA393CA009FA424 /* FunctionPointerTests.m */,
				747A0EC71FB93A1000A1B78A /* OCMockTests.m */,
				741DFE01204E33AE005BF970 /* SqliteTests.m */,
				744DA1DC22CCB5D1002FADFF /* ConditionalTests.m */,
				741A0EDF2303A0A000D8098D /* CharSetTests.m */,
				741A0EE12303A88E00D8098D /* URLComponentsTests.m */,
				741EC7792322714F009B7E9D /* NSFileManagerTests.m */,
			);
			path = ObjcApiIntroTests;
			sourceTree = "<group>";
		};
		76DC6FC01ECD4F050013ACA4 /* ObjcApiIntroUITests */ = {
			isa = PBXGroup;
			children = (
				76DC6FC11ECD4F050013ACA4 /* ObjcApiIntroUITests.m */,
				76DC6FC31ECD4F050013ACA4 /* Info.plist */,
			);
			path = ObjcApiIntroUITests;
			sourceTree = "<group>";
		};
/* End PBXGroup section */

/* Begin PBXNativeTarget section */
		76DC6F981ECD4F040013ACA4 /* ObjcApiIntro */ = {
			isa = PBXNativeTarget;
			buildConfigurationList = 76DC6FC61ECD4F050013ACA4 /* Build configuration list for PBXNativeTarget "ObjcApiIntro" */;
			buildPhases = (
				4E4656F3367C542511E286CB /* [CP] Check Pods Manifest.lock */,
				76DC6F951ECD4F040013ACA4 /* Sources */,
				76DC6F961ECD4F040013ACA4 /* Frameworks */,
				76DC6F971ECD4F040013ACA4 /* Resources */,
				F83AD0636DABF26EA517C926 /* [CP] Embed Pods Frameworks */,
			);
			buildRules = (
			);
			dependencies = (
			);
			name = ObjcApiIntro;
			productName = ObjcApiIntro;
			productReference = 76DC6F991ECD4F040013ACA4 /* ObjcApiIntro.app */;
			productType = "com.apple.product-type.application";
		};
		76DC6FB11ECD4F050013ACA4 /* ObjcApiIntroTests */ = {
			isa = PBXNativeTarget;
			buildConfigurationList = 76DC6FC91ECD4F050013ACA4 /* Build configuration list for PBXNativeTarget "ObjcApiIntroTests" */;
			buildPhases = (
				A4AC5EE5F713D385DCE09FC4 /* [CP] Check Pods Manifest.lock */,
				76DC6FAE1ECD4F050013ACA4 /* Sources */,
				76DC6FAF1ECD4F050013ACA4 /* Frameworks */,
				76DC6FB01ECD4F050013ACA4 /* Resources */,
				32106CB869548F38971F1C04 /* [CP] Embed Pods Frameworks */,
			);
			buildRules = (
			);
			dependencies = (
				76DC6FB41ECD4F050013ACA4 /* PBXTargetDependency */,
			);
			name = ObjcApiIntroTests;
			productName = ObjcApiIntroTests;
			productReference = 76DC6FB21ECD4F050013ACA4 /* ObjcApiIntroTests.xctest */;
			productType = "com.apple.product-type.bundle.unit-test";
		};
		76DC6FBC1ECD4F050013ACA4 /* ObjcApiIntroUITests */ = {
			isa = PBXNativeTarget;
			buildConfigurationList = 76DC6FCC1ECD4F050013ACA4 /* Build configuration list for PBXNativeTarget "ObjcApiIntroUITests" */;
			buildPhases = (
				CDDB367CEED309DF0566865E /* [CP] Check Pods Manifest.lock */,
				76DC6FB91ECD4F050013ACA4 /* Sources */,
				76DC6FBA1ECD4F050013ACA4 /* Frameworks */,
				76DC6FBB1ECD4F050013ACA4 /* Resources */,
			);
			buildRules = (
			);
			dependencies = (
				76DC6FBF1ECD4F050013ACA4 /* PBXTargetDependency */,
			);
			name = ObjcApiIntroUITests;
			productName = ObjcApiIntroUITests;
			productReference = 76DC6FBD1ECD4F050013ACA4 /* ObjcApiIntroUITests.xctest */;
			productType = "com.apple.product-type.bundle.ui-testing";
		};
/* End PBXNativeTarget section */

/* Begin PBXProject section */
		76DC6F911ECD4F040013ACA4 /* Project object */ = {
			isa = PBXProject;
			attributes = {
				LastUpgradeCheck = 1100;
				ORGANIZATIONNAME = hormiga6;
				TargetAttributes = {
					76DC6F981ECD4F040013ACA4 = {
						CreatedOnToolsVersion = 8.2.1;
						DevelopmentTeam = 5957UHEQ5V;
						LastSwiftMigration = 0820;
						ProvisioningStyle = Automatic;
					};
					76DC6FB11ECD4F050013ACA4 = {
						CreatedOnToolsVersion = 8.2.1;
						DevelopmentTeam = 5957UHEQ5V;
						ProvisioningStyle = Automatic;
						TestTargetID = 76DC6F981ECD4F040013ACA4;
					};
					76DC6FBC1ECD4F050013ACA4 = {
						CreatedOnToolsVersion = 8.2.1;
						DevelopmentTeam = 5957UHEQ5V;
						ProvisioningStyle = Automatic;
						TestTargetID = 76DC6F981ECD4F040013ACA4;
					};
				};
			};
			buildConfigurationList = 76DC6F941ECD4F040013ACA4 /* Build configuration list for PBXProject "ObjcApiIntro" */;
			compatibilityVersion = "Xcode 3.2";
			developmentRegion = en;
			hasScannedForEncodings = 0;
			knownRegions = (
				en,
				Base,
			);
			mainGroup = 76DC6F901ECD4F040013ACA4;
			productRefGroup = 76DC6F9A1ECD4F040013ACA4 /* Products */;
			projectDirPath = "";
			projectRoot = "";
			targets = (
				76DC6F981ECD4F040013ACA4 /* ObjcApiIntro */,
				76DC6FB11ECD4F050013ACA4 /* ObjcApiIntroTests */,
				76DC6FBC1ECD4F050013ACA4 /* ObjcApiIntroUITests */,
			);
		};
/* End PBXProject section */

/* Begin PBXResourcesBuildPhase section */
		76DC6F971ECD4F040013ACA4 /* Resources */ = {
			isa = PBXResourcesBuildPhase;
			buildActionMask = 2147483647;
			files = (
				76DC6FAC1ECD4F040013ACA4 /* LaunchScreen.storyboard in Resources */,
				76DC6FA91ECD4F040013ACA4 /* Assets.xcassets in Resources */,
				7427C8CC2313E75200C0F834 /* wkwebview-sample.html in Resources */,
				741EC77F232A0118009B7E9D /* video.html in Resources */,
				76DC6FA71ECD4F040013ACA4 /* Main.storyboard in Resources */,
			);
			runOnlyForDeploymentPostprocessing = 0;
		};
		76DC6FB01ECD4F050013ACA4 /* Resources */ = {
			isa = PBXResourcesBuildPhase;
			buildActionMask = 2147483647;
			files = (
			);
			runOnlyForDeploymentPostprocessing = 0;
		};
		76DC6FBB1ECD4F050013ACA4 /* Resources */ = {
			isa = PBXResourcesBuildPhase;
			buildActionMask = 2147483647;
			files = (
			);
			runOnlyForDeploymentPostprocessing = 0;
		};
/* End PBXResourcesBuildPhase section */

/* Begin PBXShellScriptBuildPhase section */
		32106CB869548F38971F1C04 /* [CP] Embed Pods Frameworks */ = {
			isa = PBXShellScriptBuildPhase;
			buildActionMask = 2147483647;
			files = (
			);
			inputPaths = (
				"${PODS_ROOT}/Target Support Files/Pods-ObjcApiIntroTests/Pods-ObjcApiIntroTests-frameworks.sh",
				"${BUILT_PRODUCTS_DIR}/OCMock/OCMock.framework",
			);
			name = "[CP] Embed Pods Frameworks";
			outputPaths = (
				"${TARGET_BUILD_DIR}/${FRAMEWORKS_FOLDER_PATH}/OCMock.framework",
			);
			runOnlyForDeploymentPostprocessing = 0;
			shellPath = /bin/sh;
			shellScript = "\"${PODS_ROOT}/Target Support Files/Pods-ObjcApiIntroTests/Pods-ObjcApiIntroTests-frameworks.sh\"\n";
			showEnvVarsInLog = 0;
		};
		4E4656F3367C542511E286CB /* [CP] Check Pods Manifest.lock */ = {
			isa = PBXShellScriptBuildPhase;
			buildActionMask = 2147483647;
			files = (
			);
			inputPaths = (
				"${PODS_PODFILE_DIR_PATH}/Podfile.lock",
				"${PODS_ROOT}/Manifest.lock",
			);
			name = "[CP] Check Pods Manifest.lock";
			outputPaths = (
				"$(DERIVED_FILE_DIR)/Pods-ObjcApiIntro-checkManifestLockResult.txt",
			);
			runOnlyForDeploymentPostprocessing = 0;
			shellPath = /bin/sh;
			shellScript = "diff \"${PODS_PODFILE_DIR_PATH}/Podfile.lock\" \"${PODS_ROOT}/Manifest.lock\" > /dev/null\nif [ $? != 0 ] ; then\n    # print error to STDERR\n    echo \"error: The sandbox is not in sync with the Podfile.lock. Run 'pod install' or update your CocoaPods installation.\" >&2\n    exit 1\nfi\n# This output is used by Xcode 'outputs' to avoid re-running this script phase.\necho \"SUCCESS\" > \"${SCRIPT_OUTPUT_FILE_0}\"\n";
			showEnvVarsInLog = 0;
		};
		A4AC5EE5F713D385DCE09FC4 /* [CP] Check Pods Manifest.lock */ = {
			isa = PBXShellScriptBuildPhase;
			buildActionMask = 2147483647;
			files = (
			);
			inputPaths = (
				"${PODS_PODFILE_DIR_PATH}/Podfile.lock",
				"${PODS_ROOT}/Manifest.lock",
			);
			name = "[CP] Check Pods Manifest.lock";
			outputPaths = (
				"$(DERIVED_FILE_DIR)/Pods-ObjcApiIntroTests-checkManifestLockResult.txt",
			);
			runOnlyForDeploymentPostprocessing = 0;
			shellPath = /bin/sh;
			shellScript = "diff \"${PODS_PODFILE_DIR_PATH}/Podfile.lock\" \"${PODS_ROOT}/Manifest.lock\" > /dev/null\nif [ $? != 0 ] ; then\n    # print error to STDERR\n    echo \"error: The sandbox is not in sync with the Podfile.lock. Run 'pod install' or update your CocoaPods installation.\" >&2\n    exit 1\nfi\n# This output is used by Xcode 'outputs' to avoid re-running this script phase.\necho \"SUCCESS\" > \"${SCRIPT_OUTPUT_FILE_0}\"\n";
			showEnvVarsInLog = 0;
		};
		CDDB367CEED309DF0566865E /* [CP] Check Pods Manifest.lock */ = {
			isa = PBXShellScriptBuildPhase;
			buildActionMask = 2147483647;
			files = (
			);
			inputPaths = (
				"${PODS_PODFILE_DIR_PATH}/Podfile.lock",
				"${PODS_ROOT}/Manifest.lock",
			);
			name = "[CP] Check Pods Manifest.lock";
			outputPaths = (
				"$(DERIVED_FILE_DIR)/Pods-ObjcApiIntroUITests-checkManifestLockResult.txt",
			);
			runOnlyForDeploymentPostprocessing = 0;
			shellPath = /bin/sh;
			shellScript = "diff \"${PODS_PODFILE_DIR_PATH}/Podfile.lock\" \"${PODS_ROOT}/Manifest.lock\" > /dev/null\nif [ $? != 0 ] ; then\n    # print error to STDERR\n    echo \"error: The sandbox is not in sync with the Podfile.lock. Run 'pod install' or update your CocoaPods installation.\" >&2\n    exit 1\nfi\n# This output is used by Xcode 'outputs' to avoid re-running this script phase.\necho \"SUCCESS\" > \"${SCRIPT_OUTPUT_FILE_0}\"\n";
			showEnvVarsInLog = 0;
		};
		F83AD0636DABF26EA517C926 /* [CP] Embed Pods Frameworks */ = {
			isa = PBXShellScriptBuildPhase;
			buildActionMask = 2147483647;
			files = (
			);
			inputPaths = (
				"${PODS_ROOT}/Target Support Files/Pods-ObjcApiIntro/Pods-ObjcApiIntro-frameworks.sh",
				"${BUILT_PRODUCTS_DIR}/JAGPropertyConverter/JAGPropertyConverter.framework",
			);
			name = "[CP] Embed Pods Frameworks";
			outputPaths = (
				"${TARGET_BUILD_DIR}/${FRAMEWORKS_FOLDER_PATH}/JAGPropertyConverter.framework",
			);
			runOnlyForDeploymentPostprocessing = 0;
			shellPath = /bin/sh;
			shellScript = "\"${PODS_ROOT}/Target Support Files/Pods-ObjcApiIntro/Pods-ObjcApiIntro-frameworks.sh\"\n";
			showEnvVarsInLog = 0;
		};
/* End PBXShellScriptBuildPhase section */

/* Begin PBXSourcesBuildPhase section */
		76DC6F951ECD4F040013ACA4 /* Sources */ = {
			isa = PBXSourcesBuildPhase;
			buildActionMask = 2147483647;
			files = (
				74B8CA86229E8DA6008856FB /* PointViewController.m in Sources */,
				76DC6FD31ECD7EB70013ACA4 /* Hoge.swift in Sources */,
				76DC6FA41ECD4F040013ACA4 /* ViewController.m in Sources */,
				76DC6FD71ECD8CD00013ACA4 /* HogeClient.m in Sources */,
				741EC77D2329FDAA009B7E9D /* WKWebView2Controller.m in Sources */,
				76DC6FA11ECD4F040013ACA4 /* AppDelegate.m in Sources */,
				74523A0D1F1E52140072A571 /* LayoutSampleView.m in Sources */,
				76DC6F9E1ECD4F040013ACA4 /* main.m in Sources */,
				74523A0A1F1E153C0072A571 /* UIApiViewController.m in Sources */,
				74BB4E832238F51C004BD98E /* WKWebViewController.m in Sources */,
			);
			runOnlyForDeploymentPostprocessing = 0;
		};
		76DC6FAE1ECD4F050013ACA4 /* Sources */ = {
			isa = PBXSourcesBuildPhase;
			buildActionMask = 2147483647;
			files = (
				744C02331F71594A003AD004 /* CopyTests.m in Sources */,
				740D87DB1FA393CA009FA424 /* FunctionPointerTests.m in Sources */,
				741EC77A2322714F009B7E9D /* NSFileManagerTests.m in Sources */,
				7474BA6E1F2AF0160046EEF4 /* EnumTests.m in Sources */,
				747A0EC81FB93A1000A1B78A /* OCMockTests.m in Sources */,
				744DA1DD22CCB5D1002FADFF /* ConditionalTests.m in Sources */,
				743CB9CC1F2190310035EE71 /* PropertiesDumpTests.m in Sources */,
				7474BA701F2B0C3F0046EEF4 /* RuntimeTests.m in Sources */,
				741A0EE22303A88E00D8098D /* URLComponentsTests.m in Sources */,
				74A44E3C1F2ADEB600177694 /* TypedefTests.m in Sources */,
				743892611F579CA300EBBEC6 /* DynamicTypingTest.m in Sources */,
				745A3C931F627A5A00FB1F03 /* BlockTests.m in Sources */,
				743892731F5D472800EBBEC6 /* SortTests.m in Sources */,
				7438926F1F5CFDE000EBBEC6 /* MemoryManagementTests.m in Sources */,
				7438926D1F59BC3B00EBBEC6 /* KeyValueCodingTests.m in Sources */,
				76DC6FDA1ECD8EA60013ACA4 /* HogeClientTests.m in Sources */,
				744415BC1F26CFF300DE53A5 /* RequestOpTests.m in Sources */,
				741DFE02204E33AE005BF970 /* SqliteTests.m in Sources */,
				741A0EE02303A0A000D8098D /* CharSetTests.m in Sources */,
			);
			runOnlyForDeploymentPostprocessing = 0;
		};
		76DC6FB91ECD4F050013ACA4 /* Sources */ = {
			isa = PBXSourcesBuildPhase;
			buildActionMask = 2147483647;
			files = (
				76DC6FC21ECD4F050013ACA4 /* ObjcApiIntroUITests.m in Sources */,
			);
			runOnlyForDeploymentPostprocessing = 0;
		};
/* End PBXSourcesBuildPhase section */

/* Begin PBXTargetDependency section */
		76DC6FB41ECD4F050013ACA4 /* PBXTargetDependency */ = {
			isa = PBXTargetDependency;
			target = 76DC6F981ECD4F040013ACA4 /* ObjcApiIntro */;
			targetProxy = 76DC6FB31ECD4F050013ACA4 /* PBXContainerItemProxy */;
		};
		76DC6FBF1ECD4F050013ACA4 /* PBXTargetDependency */ = {
			isa = PBXTargetDependency;
			target = 76DC6F981ECD4F040013ACA4 /* ObjcApiIntro */;
			targetProxy = 76DC6FBE1ECD4F050013ACA4 /* PBXContainerItemProxy */;
		};
/* End PBXTargetDependency section */

/* Begin PBXVariantGroup section */
		76DC6FA51ECD4F040013ACA4 /* Main.storyboard */ = {
			isa = PBXVariantGroup;
			children = (
				76DC6FA61ECD4F040013ACA4 /* Base */,
			);
			name = Main.storyboard;
			sourceTree = "<group>";
		};
		76DC6FAA1ECD4F040013ACA4 /* LaunchScreen.storyboard */ = {
			isa = PBXVariantGroup;
			children = (
				76DC6FAB1ECD4F040013ACA4 /* Base */,
			);
			name = LaunchScreen.storyboard;
			sourceTree = "<group>";
		};
/* End PBXVariantGroup section */

/* Begin XCBuildConfiguration section */
		76DC6FC41ECD4F050013ACA4 /* Debug */ = {
			isa = XCBuildConfiguration;
			buildSettings = {
				ALWAYS_SEARCH_USER_PATHS = NO;
				CLANG_ANALYZER_LOCALIZABILITY_NONLOCALIZED = YES;
				CLANG_ANALYZER_NONNULL = YES;
				CLANG_CXX_LANGUAGE_STANDARD = "gnu++0x";
				CLANG_CXX_LIBRARY = "libc++";
				CLANG_ENABLE_MODULES = YES;
				CLANG_ENABLE_OBJC_ARC = YES;
				CLANG_WARN_BLOCK_CAPTURE_AUTORELEASING = YES;
				CLANG_WARN_BOOL_CONVERSION = YES;
				CLANG_WARN_COMMA = YES;
				CLANG_WARN_CONSTANT_CONVERSION = YES;
				CLANG_WARN_DEPRECATED_OBJC_IMPLEMENTATIONS = YES;
				CLANG_WARN_DIRECT_OBJC_ISA_USAGE = YES_ERROR;
				CLANG_WARN_DOCUMENTATION_COMMENTS = YES;
				CLANG_WARN_EMPTY_BODY = YES;
				CLANG_WARN_ENUM_CONVERSION = YES;
				CLANG_WARN_INFINITE_RECURSION = YES;
				CLANG_WARN_INT_CONVERSION = YES;
				CLANG_WARN_NON_LITERAL_NULL_CONVERSION = YES;
				CLANG_WARN_OBJC_IMPLICIT_RETAIN_SELF = YES;
				CLANG_WARN_OBJC_LITERAL_CONVERSION = YES;
				CLANG_WARN_OBJC_ROOT_CLASS = YES_ERROR;
				CLANG_WARN_RANGE_LOOP_ANALYSIS = YES;
				CLANG_WARN_STRICT_PROTOTYPES = YES;
				CLANG_WARN_SUSPICIOUS_MOVE = YES;
				CLANG_WARN_UNREACHABLE_CODE = YES;
				CLANG_WARN__DUPLICATE_METHOD_MATCH = YES;
				"CODE_SIGN_IDENTITY[sdk=iphoneos*]" = "iPhone Developer";
				COPY_PHASE_STRIP = NO;
				DEBUG_INFORMATION_FORMAT = dwarf;
				ENABLE_STRICT_OBJC_MSGSEND = YES;
				ENABLE_TESTABILITY = YES;
				GCC_C_LANGUAGE_STANDARD = gnu99;
				GCC_DYNAMIC_NO_PIC = NO;
				GCC_NO_COMMON_BLOCKS = YES;
				GCC_OPTIMIZATION_LEVEL = 0;
				GCC_PREPROCESSOR_DEFINITIONS = (
					"DEBUG=1",
					"$(inherited)",
				);
				GCC_WARN_64_TO_32_BIT_CONVERSION = YES;
				GCC_WARN_ABOUT_RETURN_TYPE = YES_ERROR;
				GCC_WARN_UNDECLARED_SELECTOR = YES;
				GCC_WARN_UNINITIALIZED_AUTOS = YES_AGGRESSIVE;
				GCC_WARN_UNUSED_FUNCTION = YES;
				GCC_WARN_UNUSED_VARIABLE = YES;
				IPHONEOS_DEPLOYMENT_TARGET = 10.2;
				MTL_ENABLE_DEBUG_INFO = YES;
				ONLY_ACTIVE_ARCH = YES;
				SDKROOT = iphoneos;
			};
			name = Debug;
		};
		76DC6FC51ECD4F050013ACA4 /* Release */ = {
			isa = XCBuildConfiguration;
			buildSettings = {
				ALWAYS_SEARCH_USER_PATHS = NO;
				CLANG_ANALYZER_LOCALIZABILITY_NONLOCALIZED = YES;
				CLANG_ANALYZER_NONNULL = YES;
				CLANG_CXX_LANGUAGE_STANDARD = "gnu++0x";
				CLANG_CXX_LIBRARY = "libc++";
				CLANG_ENABLE_MODULES = YES;
				CLANG_ENABLE_OBJC_ARC = YES;
				CLANG_WARN_BLOCK_CAPTURE_AUTORELEASING = YES;
				CLANG_WARN_BOOL_CONVERSION = YES;
				CLANG_WARN_COMMA = YES;
				CLANG_WARN_CONSTANT_CONVERSION = YES;
				CLANG_WARN_DEPRECATED_OBJC_IMPLEMENTATIONS = YES;
				CLANG_WARN_DIRECT_OBJC_ISA_USAGE = YES_ERROR;
				CLANG_WARN_DOCUMENTATION_COMMENTS = YES;
				CLANG_WARN_EMPTY_BODY = YES;
				CLANG_WARN_ENUM_CONVERSION = YES;
				CLANG_WARN_INFINITE_RECURSION = YES;
				CLANG_WARN_INT_CONVERSION = YES;
				CLANG_WARN_NON_LITERAL_NULL_CONVERSION = YES;
				CLANG_WARN_OBJC_IMPLICIT_RETAIN_SELF = YES;
				CLANG_WARN_OBJC_LITERAL_CONVERSION = YES;
				CLANG_WARN_OBJC_ROOT_CLASS = YES_ERROR;
				CLANG_WARN_RANGE_LOOP_ANALYSIS = YES;
				CLANG_WARN_STRICT_PROTOTYPES = YES;
				CLANG_WARN_SUSPICIOUS_MOVE = YES;
				CLANG_WARN_UNREACHABLE_CODE = YES;
				CLANG_WARN__DUPLICATE_METHOD_MATCH = YES;
				"CODE_SIGN_IDENTITY[sdk=iphoneos*]" = "iPhone Developer";
				COPY_PHASE_STRIP = NO;
				DEBUG_INFORMATION_FORMAT = "dwarf-with-dsym";
				ENABLE_NS_ASSERTIONS = NO;
				ENABLE_STRICT_OBJC_MSGSEND = YES;
				GCC_C_LANGUAGE_STANDARD = gnu99;
				GCC_NO_COMMON_BLOCKS = YES;
				GCC_WARN_64_TO_32_BIT_CONVERSION = YES;
				GCC_WARN_ABOUT_RETURN_TYPE = YES_ERROR;
				GCC_WARN_UNDECLARED_SELECTOR = YES;
				GCC_WARN_UNINITIALIZED_AUTOS = YES_AGGRESSIVE;
				GCC_WARN_UNUSED_FUNCTION = YES;
				GCC_WARN_UNUSED_VARIABLE = YES;
				IPHONEOS_DEPLOYMENT_TARGET = 10.2;
				MTL_ENABLE_DEBUG_INFO = NO;
				SDKROOT = iphoneos;
				SWIFT_OPTIMIZATION_LEVEL = "-Owholemodule";
				VALIDATE_PRODUCT = YES;
			};
			name = Release;
		};
		76DC6FC71ECD4F050013ACA4 /* Debug */ = {
			isa = XCBuildConfiguration;
			baseConfigurationReference = 3FCAB5C2CE47921D718308CF /* Pods-ObjcApiIntro.debug.xcconfig */;
			buildSettings = {
				ASSETCATALOG_COMPILER_APPICON_NAME = AppIcon;
				CLANG_ENABLE_MODULES = YES;
				DEFINES_MODULE = YES;
				DEVELOPMENT_TEAM = 5957UHEQ5V;
				INFOPLIST_FILE = ObjcApiIntro/Info.plist;
				IPHONEOS_DEPLOYMENT_TARGET = 8.0;
				LD_RUNPATH_SEARCH_PATHS = "$(inherited) @executable_path/Frameworks";
				PRODUCT_BUNDLE_IDENTIFIER = com.hormiga6.ObjcApiIntroasdffsadfsfasfasdfs;
				PRODUCT_NAME = "$(TARGET_NAME)";
				SWIFT_OPTIMIZATION_LEVEL = "-Onone";
				SWIFT_VERSION = 5.0;
			};
			name = Debug;
		};
		76DC6FC81ECD4F050013ACA4 /* Release */ = {
			isa = XCBuildConfiguration;
			baseConfigurationReference = 9DD981F57E5CD38870248723 /* Pods-ObjcApiIntro.release.xcconfig */;
			buildSettings = {
				ASSETCATALOG_COMPILER_APPICON_NAME = AppIcon;
				CLANG_ENABLE_MODULES = YES;
				DEFINES_MODULE = YES;
				DEVELOPMENT_TEAM = 5957UHEQ5V;
				INFOPLIST_FILE = ObjcApiIntro/Info.plist;
				IPHONEOS_DEPLOYMENT_TARGET = 8.0;
				LD_RUNPATH_SEARCH_PATHS = "$(inherited) @executable_path/Frameworks";
				PRODUCT_BUNDLE_IDENTIFIER = com.hormiga6.ObjcApiIntroasdffsadfsfasfasdfs;
				PRODUCT_NAME = "$(TARGET_NAME)";
				SWIFT_VERSION = 5.0;
			};
			name = Release;
		};
		76DC6FCA1ECD4F050013ACA4 /* Debug */ = {
			isa = XCBuildConfiguration;
			baseConfigurationReference = D3DF661B80CF8428C8CC9CF2 /* Pods-ObjcApiIntroTests.debug.xcconfig */;
			buildSettings = {
				ALWAYS_EMBED_SWIFT_STANDARD_LIBRARIES = YES;
				BUNDLE_LOADER = "$(TEST_HOST)";
				DEVELOPMENT_TEAM = 5957UHEQ5V;
				INFOPLIST_FILE = ObjcApiIntroTests/Info.plist;
				LD_RUNPATH_SEARCH_PATHS = "$(inherited) @executable_path/Frameworks @loader_path/Frameworks";
				PRODUCT_BUNDLE_IDENTIFIER = com.hormiga6.ObjcApiIntroTests;
				PRODUCT_NAME = "$(TARGET_NAME)";
				TEST_HOST = "$(BUILT_PRODUCTS_DIR)/ObjcApiIntro.app/ObjcApiIntro";
				USE_HEADERMAP = YES;
			};
			name = Debug;
		};
		76DC6FCB1ECD4F050013ACA4 /* Release */ = {
			isa = XCBuildConfiguration;
			baseConfigurationReference = C189E778CBA24C0D6D22BE76 /* Pods-ObjcApiIntroTests.release.xcconfig */;
			buildSettings = {
				ALWAYS_EMBED_SWIFT_STANDARD_LIBRARIES = YES;
				BUNDLE_LOADER = "$(TEST_HOST)";
				DEVELOPMENT_TEAM = 5957UHEQ5V;
				INFOPLIST_FILE = ObjcApiIntroTests/Info.plist;
				LD_RUNPATH_SEARCH_PATHS = "$(inherited) @executable_path/Frameworks @loader_path/Frameworks";
				PRODUCT_BUNDLE_IDENTIFIER = com.hormiga6.ObjcApiIntroTests;
				PRODUCT_NAME = "$(TARGET_NAME)";
				TEST_HOST = "$(BUILT_PRODUCTS_DIR)/ObjcApiIntro.app/ObjcApiIntro";
				USE_HEADERMAP = YES;
			};
			name = Release;
		};
		76DC6FCD1ECD4F050013ACA4 /* Debug */ = {
			isa = XCBuildConfiguration;
			baseConfigurationReference = B9D132EE91C70449E927266A /* Pods-ObjcApiIntroUITests.debug.xcconfig */;
			buildSettings = {
				ALWAYS_EMBED_SWIFT_STANDARD_LIBRARIES = YES;
				DEVELOPMENT_TEAM = 5957UHEQ5V;
				INFOPLIST_FILE = ObjcApiIntroUITests/Info.plist;
				LD_RUNPATH_SEARCH_PATHS = "$(inherited) @executable_path/Frameworks @loader_path/Frameworks";
				PRODUCT_BUNDLE_IDENTIFIER = com.hormiga6.ObjcApiIntroUITests;
				PRODUCT_NAME = "$(TARGET_NAME)";
				TEST_TARGET_NAME = ObjcApiIntro;
			};
			name = Debug;
		};
		76DC6FCE1ECD4F050013ACA4 /* Release */ = {
			isa = XCBuildConfiguration;
			baseConfigurationReference = BAB14171E6891464E9DCA7A1 /* Pods-ObjcApiIntroUITests.release.xcconfig */;
			buildSettings = {
				ALWAYS_EMBED_SWIFT_STANDARD_LIBRARIES = YES;
				DEVELOPMENT_TEAM = 5957UHEQ5V;
				INFOPLIST_FILE = ObjcApiIntroUITests/Info.plist;
				LD_RUNPATH_SEARCH_PATHS = "$(inherited) @executable_path/Frameworks @loader_path/Frameworks";
				PRODUCT_BUNDLE_IDENTIFIER = com.hormiga6.ObjcApiIntroUITests;
				PRODUCT_NAME = "$(TARGET_NAME)";
				TEST_TARGET_NAME = ObjcApiIntro;
			};
			name = Release;
		};
/* End XCBuildConfiguration section */

/* Begin XCConfigurationList section */
		76DC6F941ECD4F040013ACA4 /* Build configuration list for PBXProject "ObjcApiIntro" */ = {
			isa = XCConfigurationList;
			buildConfigurations = (
				76DC6FC41ECD4F050013ACA4 /* Debug */,
				76DC6FC51ECD4F050013ACA4 /* Release */,
			);
			defaultConfigurationIsVisible = 0;
			defaultConfigurationName = Release;
		};
		76DC6FC61ECD4F050013ACA4 /* Build configuration list for PBXNativeTarget "ObjcApiIntro" */ = {
			isa = XCConfigurationList;
			buildConfigurations = (
				76DC6FC71ECD4F050013ACA4 /* Debug */,
				76DC6FC81ECD4F050013ACA4 /* Release */,
			);
			defaultConfigurationIsVisible = 0;
			defaultConfigurationName = Release;
		};
		76DC6FC91ECD4F050013ACA4 /* Build configuration list for PBXNativeTarget "ObjcApiIntroTests" */ = {
			isa = XCConfigurationList;
			buildConfigurations = (
				76DC6FCA1ECD4F050013ACA4 /* Debug */,
				76DC6FCB1ECD4F050013ACA4 /* Release */,
			);
			defaultConfigurationIsVisible = 0;
			defaultConfigurationName = Release;
		};
		76DC6FCC1ECD4F050013ACA4 /* Build configuration list for PBXNativeTarget "ObjcApiIntroUITests" */ = {
			isa = XCConfigurationList;
			buildConfigurations = (
				76DC6FCD1ECD4F050013ACA4 /* Debug */,
				76DC6FCE1ECD4F050013ACA4 /* Release */,
			);
			defaultConfigurationIsVisible = 0;
			defaultConfigurationName = Release;
		};
/* End XCConfigurationList section */
	};
	rootObject = 76DC6F911ECD4F040013ACA4 /* Project object */;
}
